// !$*UTF8*$!
{
	archiveVersion = 1;
	classes = {
	};
	objectVersion = 46;
	objects = {

/* Begin PBXBuildFile section */
		D8121C7A1C56CC6400AB4250 /* AppDelegate.swift in Sources */ = {isa = PBXBuildFile; fileRef = D8121C791C56CC6400AB4250 /* AppDelegate.swift */; };
		D8121C7F1C56CC6400AB4250 /* Main.storyboard in Resources */ = {isa = PBXBuildFile; fileRef = D8121C7D1C56CC6400AB4250 /* Main.storyboard */; };
		D8121C821C56CC6400AB4250 /* VirtualTourist.xcdatamodeld in Sources */ = {isa = PBXBuildFile; fileRef = D8121C801C56CC6400AB4250 /* VirtualTourist.xcdatamodeld */; };
		D8121C841C56CC6400AB4250 /* Assets.xcassets in Resources */ = {isa = PBXBuildFile; fileRef = D8121C831C56CC6400AB4250 /* Assets.xcassets */; };
		D8121C871C56CC6400AB4250 /* LaunchScreen.storyboard in Resources */ = {isa = PBXBuildFile; fileRef = D8121C851C56CC6400AB4250 /* LaunchScreen.storyboard */; };
		D8121C8F1C56CCAA00AB4250 /* MapViewController.swift in Sources */ = {isa = PBXBuildFile; fileRef = D8121C8E1C56CCAA00AB4250 /* MapViewController.swift */; };
		D8121C911C56D7D100AB4250 /* CoreDataStackManager.swift in Sources */ = {isa = PBXBuildFile; fileRef = D8121C901C56D7D100AB4250 /* CoreDataStackManager.swift */; };
		D8121C931C56D81B00AB4250 /* Pin.swift in Sources */ = {isa = PBXBuildFile; fileRef = D8121C921C56D81B00AB4250 /* Pin.swift */; };
		D8121C951C56D8A300AB4250 /* Photo.swift in Sources */ = {isa = PBXBuildFile; fileRef = D8121C941C56D8A300AB4250 /* Photo.swift */; };
		D8121C9A1C596DF000AB4250 /* PhotosViewController.swift in Sources */ = {isa = PBXBuildFile; fileRef = D8121C991C596DF000AB4250 /* PhotosViewController.swift */; };
		D8121C9C1C596FAE00AB4250 /* CoreLocation.framework in Frameworks */ = {isa = PBXBuildFile; fileRef = D8121C9B1C596FAE00AB4250 /* CoreLocation.framework */; };
		D8688C8B1C5C0B6C00FB2149 /* FlickrClient.swift in Sources */ = {isa = PBXBuildFile; fileRef = D8688C8A1C5C0B6C00FB2149 /* FlickrClient.swift */; };
		D86F19871C75291B00BAC553 /* Alert.swift in Sources */ = {isa = PBXBuildFile; fileRef = D86F19861C75291B00BAC553 /* Alert.swift */; };
		D89780591C5D7A8E004F170C /* PhotoCollectionViewCell.swift in Sources */ = {isa = PBXBuildFile; fileRef = D89780581C5D7A8E004F170C /* PhotoCollectionViewCell.swift */; };
/* End PBXBuildFile section */

/* Begin PBXFileReference section */
		D8121C761C56CC6400AB4250 /* VirtualTourist.app */ = {isa = PBXFileReference; explicitFileType = wrapper.application; includeInIndex = 0; path = VirtualTourist.app; sourceTree = BUILT_PRODUCTS_DIR; };
		D8121C791C56CC6400AB4250 /* AppDelegate.swift */ = {isa = PBXFileReference; lastKnownFileType = sourcecode.swift; path = AppDelegate.swift; sourceTree = "<group>"; };
		D8121C7E1C56CC6400AB4250 /* Base */ = {isa = PBXFileReference; lastKnownFileType = file.storyboard; name = Base; path = Base.lproj/Main.storyboard; sourceTree = "<group>"; };
		D8121C811C56CC6400AB4250 /* VirtualTourist.xcdatamodel */ = {isa = PBXFileReference; lastKnownFileType = wrapper.xcdatamodel; path = VirtualTourist.xcdatamodel; sourceTree = "<group>"; };
		D8121C831C56CC6400AB4250 /* Assets.xcassets */ = {isa = PBXFileReference; lastKnownFileType = folder.assetcatalog; path = Assets.xcassets; sourceTree = "<group>"; };
		D8121C861C56CC6400AB4250 /* Base */ = {isa = PBXFileReference; lastKnownFileType = file.storyboard; name = Base; path = Base.lproj/LaunchScreen.storyboard; sourceTree = "<group>"; };
		D8121C881C56CC6400AB4250 /* Info.plist */ = {isa = PBXFileReference; lastKnownFileType = text.plist.xml; path = Info.plist; sourceTree = "<group>"; };
		D8121C8E1C56CCAA00AB4250 /* MapViewController.swift */ = {isa = PBXFileReference; fileEncoding = 4; lastKnownFileType = sourcecode.swift; path = MapViewController.swift; sourceTree = "<group>"; };
		D8121C901C56D7D100AB4250 /* CoreDataStackManager.swift */ = {isa = PBXFileReference; fileEncoding = 4; lastKnownFileType = sourcecode.swift; path = CoreDataStackManager.swift; sourceTree = "<group>"; };
		D8121C921C56D81B00AB4250 /* Pin.swift */ = {isa = PBXFileReference; fileEncoding = 4; lastKnownFileType = sourcecode.swift; path = Pin.swift; sourceTree = "<group>"; };
		D8121C941C56D8A300AB4250 /* Photo.swift */ = {isa = PBXFileReference; fileEncoding = 4; lastKnownFileType = sourcecode.swift; path = Photo.swift; sourceTree = "<group>"; };
		D8121C991C596DF000AB4250 /* PhotosViewController.swift */ = {isa = PBXFileReference; fileEncoding = 4; lastKnownFileType = sourcecode.swift; path = PhotosViewController.swift; sourceTree = "<group>"; };
		D8121C9B1C596FAE00AB4250 /* CoreLocation.framework */ = {isa = PBXFileReference; lastKnownFileType = wrapper.framework; name = CoreLocation.framework; path = System/Library/Frameworks/CoreLocation.framework; sourceTree = SDKROOT; };
		D8688C8A1C5C0B6C00FB2149 /* FlickrClient.swift */ = {isa = PBXFileReference; fileEncoding = 4; lastKnownFileType = sourcecode.swift; path = FlickrClient.swift; sourceTree = "<group>"; };
		D86F19861C75291B00BAC553 /* Alert.swift */ = {isa = PBXFileReference; fileEncoding = 4; lastKnownFileType = sourcecode.swift; path = Alert.swift; sourceTree = "<group>"; };
		D89780581C5D7A8E004F170C /* PhotoCollectionViewCell.swift */ = {isa = PBXFileReference; fileEncoding = 4; lastKnownFileType = sourcecode.swift; path = PhotoCollectionViewCell.swift; sourceTree = "<group>"; };
/* End PBXFileReference section */

/* Begin PBXFrameworksBuildPhase section */
		D8121C731C56CC6300AB4250 /* Frameworks */ = {
			isa = PBXFrameworksBuildPhase;
			buildActionMask = 2147483647;
			files = (
				D8121C9C1C596FAE00AB4250 /* CoreLocation.framework in Frameworks */,
			);
			runOnlyForDeploymentPostprocessing = 0;
		};
/* End PBXFrameworksBuildPhase section */

/* Begin PBXGroup section */
		D8121C6D1C56CC6300AB4250 = {
			isa = PBXGroup;
			children = (
				D8121C9B1C596FAE00AB4250 /* CoreLocation.framework */,
				D8121C781C56CC6400AB4250 /* VirtualTourist */,
				D8121C771C56CC6400AB4250 /* Products */,
			);
			sourceTree = "<group>";
		};
		D8121C771C56CC6400AB4250 /* Products */ = {
			isa = PBXGroup;
			children = (
				D8121C761C56CC6400AB4250 /* VirtualTourist.app */,
			);
			name = Products;
			sourceTree = "<group>";
		};
		D8121C781C56CC6400AB4250 /* VirtualTourist */ = {
			isa = PBXGroup;
			children = (
				D8121C7D1C56CC6400AB4250 /* Main.storyboard */,
				D8121C8E1C56CCAA00AB4250 /* MapViewController.swift */,
				D8121C991C596DF000AB4250 /* PhotosViewController.swift */,
				D8121C941C56D8A300AB4250 /* Photo.swift */,
				D8121C921C56D81B00AB4250 /* Pin.swift */,
				D8688C8A1C5C0B6C00FB2149 /* FlickrClient.swift */,
				D8121C791C56CC6400AB4250 /* AppDelegate.swift */,
				D8121C901C56D7D100AB4250 /* CoreDataStackManager.swift */,
				D89780581C5D7A8E004F170C /* PhotoCollectionViewCell.swift */,
				D86F19861C75291B00BAC553 /* Alert.swift */,
				D8121C801C56CC6400AB4250 /* VirtualTourist.xcdatamodeld */,
				D8121C831C56CC6400AB4250 /* Assets.xcassets */,
				D8121C851C56CC6400AB4250 /* LaunchScreen.storyboard */,
				D8121C881C56CC6400AB4250 /* Info.plist */,
			);
			path = VirtualTourist;
			sourceTree = "<group>";
		};
/* End PBXGroup section */

/* Begin PBXNativeTarget section */
		D8121C751C56CC6300AB4250 /* VirtualTourist */ = {
			isa = PBXNativeTarget;
			buildConfigurationList = D8121C8B1C56CC6400AB4250 /* Build configuration list for PBXNativeTarget "VirtualTourist" */;
			buildPhases = (
				D8121C721C56CC6300AB4250 /* Sources */,
				D8121C731C56CC6300AB4250 /* Frameworks */,
				D8121C741C56CC6300AB4250 /* Resources */,
			);
			buildRules = (
			);
			dependencies = (
			);
			name = VirtualTourist;
			productName = VirtualTourist;
			productReference = D8121C761C56CC6400AB4250 /* VirtualTourist.app */;
			productType = "com.apple.product-type.application";
		};
/* End PBXNativeTarget section */

/* Begin PBXProject section */
		D8121C6E1C56CC6300AB4250 /* Project object */ = {
			isa = PBXProject;
			attributes = {
				LastSwiftUpdateCheck = 0720;
				LastUpgradeCheck = 0720;
				ORGANIZATIONNAME = "Baxter Heavy Manufacturing Concern";
				TargetAttributes = {
					D8121C751C56CC6300AB4250 = {
						CreatedOnToolsVersion = 7.2;
						DevelopmentTeam = 78GTBZD23X;
					};
				};
			};
			buildConfigurationList = D8121C711C56CC6300AB4250 /* Build configuration list for PBXProject "VirtualTourist" */;
			compatibilityVersion = "Xcode 3.2";
			developmentRegion = English;
			hasScannedForEncodings = 0;
			knownRegions = (
				en,
				Base,
			);
			mainGroup = D8121C6D1C56CC6300AB4250;
			productRefGroup = D8121C771C56CC6400AB4250 /* Products */;
			projectDirPath = "";
			projectRoot = "";
			targets = (
				D8121C751C56CC6300AB4250 /* VirtualTourist */,
			);
		};
/* End PBXProject section */

/* Begin PBXResourcesBuildPhase section */
		D8121C741C56CC6300AB4250 /* Resources */ = {
			isa = PBXResourcesBuildPhase;
			buildActionMask = 2147483647;
			files = (
				D8121C871C56CC6400AB4250 /* LaunchScreen.storyboard in Resources */,
				D8121C841C56CC6400AB4250 /* Assets.xcassets in Resources */,
				D8121C7F1C56CC6400AB4250 /* Main.storyboard in Resources */,
			);
			runOnlyForDeploymentPostprocessing = 0;
		};
/* End PBXResourcesBuildPhase section */

/* Begin PBXSourcesBuildPhase section */
		D8121C721C56CC6300AB4250 /* Sources */ = {
			isa = PBXSourcesBuildPhase;
			buildActionMask = 2147483647;
			files = (
				D8121C951C56D8A300AB4250 /* Photo.swift in Sources */,
				D89780591C5D7A8E004F170C /* PhotoCollectionViewCell.swift in Sources */,
				D8121C9A1C596DF000AB4250 /* PhotosViewController.swift in Sources */,
				D8121C7A1C56CC6400AB4250 /* AppDelegate.swift in Sources */,
				D8121C821C56CC6400AB4250 /* VirtualTourist.xcdatamodeld in Sources */,
				D8121C931C56D81B00AB4250 /* Pin.swift in Sources */,
				D8121C911C56D7D100AB4250 /* CoreDataStackManager.swift in Sources */,
				D8121C8F1C56CCAA00AB4250 /* MapViewController.swift in Sources */,
				D86F19871C75291B00BAC553 /* Alert.swift in Sources */,
				D8688C8B1C5C0B6C00FB2149 /* FlickrClient.swift in Sources */,
			);
			runOnlyForDeploymentPostprocessing = 0;
		};
/* End PBXSourcesBuildPhase section */

/* Begin PBXVariantGroup section */
		D8121C7D1C56CC6400AB4250 /* Main.storyboard */ = {
			isa = PBXVariantGroup;
			children = (
				D8121C7E1C56CC6400AB4250 /* Base */,
			);
			name = Main.storyboard;
			sourceTree = "<group>";
		};
		D8121C851C56CC6400AB4250 /* LaunchScreen.storyboard */ = {
			isa = PBXVariantGroup;
			children = (
				D8121C861C56CC6400AB4250 /* Base */,
			);
			name = LaunchScreen.storyboard;
			sourceTree = "<group>";
		};
/* End PBXVariantGroup section */

/* Begin XCBuildConfiguration section */
		D8121C891C56CC6400AB4250 /* Debug */ = {
			isa = XCBuildConfiguration;
			buildSettings = {
				ALWAYS_SEARCH_USER_PATHS = NO;
				CLANG_CXX_LANGUAGE_STANDARD = "gnu++0x";
				CLANG_CXX_LIBRARY = "libc++";
				CLANG_ENABLE_MODULES = YES;
				CLANG_ENABLE_OBJC_ARC = YES;
				CLANG_WARN_BOOL_CONVERSION = YES;
				CLANG_WARN_CONSTANT_CONVERSION = YES;
				CLANG_WARN_DIRECT_OBJC_ISA_USAGE = YES_ERROR;
				CLANG_WARN_EMPTY_BODY = YES;
				CLANG_WARN_ENUM_CONVERSION = YES;
				CLANG_WARN_INT_CONVERSION = YES;
				CLANG_WARN_OBJC_ROOT_CLASS = YES_ERROR;
				CLANG_WARN_UNREACHABLE_CODE = YES;
				CLANG_WARN__DUPLICATE_METHOD_MATCH = YES;
				"CODE_SIGN_IDENTITY[sdk=iphoneos*]" = "iPhone Developer";
				COPY_PHASE_STRIP = NO;
				DEBUG_INFORMATION_FORMAT = dwarf;
				ENABLE_STRICT_OBJC_MSGSEND = YES;
				ENABLE_TESTABILITY = YES;
				GCC_C_LANGUAGE_STANDARD = gnu99;
				GCC_DYNAMIC_NO_PIC = NO;
				GCC_NO_COMMON_BLOCKS = YES;
				GCC_OPTIMIZATION_LEVEL = 0;
				GCC_PREPROCESSOR_DEFINITIONS = (
					"DEBUG=1",
					"$(inherited)",
				);
				GCC_WARN_64_TO_32_BIT_CONVERSION = YES;
				GCC_WARN_ABOUT_RETURN_TYPE = YES_ERROR;
				GCC_WARN_UNDECLARED_SELECTOR = YES;
				GCC_WARN_UNINITIALIZED_AUTOS = YES_AGGRESSIVE;
				GCC_WARN_UNUSED_FUNCTION = YES;
				GCC_WARN_UNUSED_VARIABLE = YES;
				IPHONEOS_DEPLOYMENT_TARGET = 9.2;
				MTL_ENABLE_DEBUG_INFO = YES;
				ONLY_ACTIVE_ARCH = YES;
				SDKROOT = iphoneos;
				SWIFT_OPTIMIZATION_LEVEL = "-Onone";
				TARGETED_DEVICE_FAMILY = "1,2";
			};
			name = Debug;
		};
		D8121C8A1C56CC6400AB4250 /* Release */ = {
			isa = XCBuildConfiguration;
			buildSettings = {
				ALWAYS_SEARCH_USER_PATHS = NO;
				CLANG_CXX_LANGUAGE_STANDARD = "gnu++0x";
				CLANG_CXX_LIBRARY = "libc++";
				CLANG_ENABLE_MODULES = YES;
				CLANG_ENABLE_OBJC_ARC = YES;
				CLANG_WARN_BOOL_CONVERSION = YES;
				CLANG_WARN_CONSTANT_CONVERSION = YES;
				CLANG_WARN_DIRECT_OBJC_ISA_USAGE = YES_ERROR;
				CLANG_WARN_EMPTY_BODY = YES;
				CLANG_WARN_ENUM_CONVERSION = YES;
				CLANG_WARN_INT_CONVERSION = YES;
				CLANG_WARN_OBJC_ROOT_CLASS = YES_ERROR;
				CLANG_WARN_UNREACHABLE_CODE = YES;
				CLANG_WARN__DUPLICATE_METHOD_MATCH = YES;
				"CODE_SIGN_IDENTITY[sdk=iphoneos*]" = "iPhone Developer";
				COPY_PHASE_STRIP = NO;
				DEBUG_INFORMATION_FORMAT = "dwarf-with-dsym";
				ENABLE_NS_ASSERTIONS = NO;
				ENABLE_STRICT_OBJC_MSGSEND = YES;
				GCC_C_LANGUAGE_STANDARD = gnu99;
				GCC_NO_COMMON_BLOCKS = YES;
				GCC_WARN_64_TO_32_BIT_CONVERSION = YES;
				GCC_WARN_ABOUT_RETURN_TYPE = YES_ERROR;
				GCC_WARN_UNDECLARED_SELECTOR = YES;
				GCC_WARN_UNINITIALIZED_AUTOS = YES_AGGRESSIVE;
				GCC_WARN_UNUSED_FUNCTION = YES;
				GCC_WARN_UNUSED_VARIABLE = YES;
				IPHONEOS_DEPLOYMENT_TARGET = 9.2;
				MTL_ENABLE_DEBUG_INFO = NO;
				SDKROOT = iphoneos;
				TARGETED_DEVICE_FAMILY = "1,2";
				VALIDATE_PRODUCT = YES;
			};
			name = Release;
		};
		D8121C8C1C56CC6400AB4250 /* Debug */ = {
			isa = XCBuildConfiguration;
			buildSettings = {
				ASSETCATALOG_COMPILER_APPICON_NAME = AppIcon;
				INFOPLIST_FILE = VirtualTourist/Info.plist;
				LD_RUNPATH_SEARCH_PATHS = "$(inherited) @executable_path/Frameworks";
				PRODUCT_BUNDLE_IDENTIFIER = com.BHMC.VirtualTourist;
				PRODUCT_NAME = "$(TARGET_NAME)";
			};
			name = Debug;
		};
		D8121C8D1C56CC6400AB4250 /* Release */ = {
			isa = XCBuildConfiguration;
			buildSettings = {
				ASSETCATALOG_COMPILER_APPICON_NAME = AppIcon;
				INFOPLIST_FILE = VirtualTourist/Info.plist;
				LD_RUNPATH_SEARCH_PATHS = "$(inherited) @executable_path/Frameworks";
				PRODUCT_BUNDLE_IDENTIFIER = com.BHMC.VirtualTourist;
				PRODUCT_NAME = "$(TARGET_NAME)";
			};
			name = Release;
		};
/* End XCBuildConfiguration section */

/* Begin XCConfigurationList section */
		D8121C711C56CC6300AB4250 /* Build configuration list for PBXProject "VirtualTourist" */ = {
			isa = XCConfigurationList;
			buildConfigurations = (
				D8121C891C56CC6400AB4250 /* Debug */,
				D8121C8A1C56CC6400AB4250 /* Release */,
			);
			defaultConfigurationIsVisible = 0;
			defaultConfigurationName = Release;
		};
		D8121C8B1C56CC6400AB4250 /* Build configuration list for PBXNativeTarget "VirtualTourist" */ = {
			isa = XCConfigurationList;
			buildConfigurations = (
				D8121C8C1C56CC6400AB4250 /* Debug */,
				D8121C8D1C56CC6400AB4250 /* Release */,
			);
			defaultConfigurationIsVisible = 0;
			defaultConfigurationName = Release;
		};
/* End XCConfigurationList section */

/* Begin XCVersionGroup section */
		D8121C801C56CC6400AB4250 /* VirtualTourist.xcdatamodeld */ = {
			isa = XCVersionGroup;
			children = (
				D8121C811C56CC6400AB4250 /* VirtualTourist.xcdatamodel */,
			);
			currentVersion = D8121C811C56CC6400AB4250 /* VirtualTourist.xcdatamodel */;
			path = VirtualTourist.xcdatamodeld;
			sourceTree = "<group>";
			versionGroupType = wrapper.xcdatamodel;
		};
/* End XCVersionGroup section */
	};
	rootObject = D8121C6E1C56CC6300AB4250 /* Project object */;
}
